dependencies:
- name: pubsub
  repository: file://./dependencies/pubsub
  version: 0.1.0
- name: bq
  repository: file://./dependencies/bq
  version: 0.1.0
- name: redis
  repository: https://charts.bitnami.com/bitnami
  version: 17.7.5
- name: mysql
  repository: https://charts.bitnami.com/bitnami
  version: 9.4.9
- name: vault
  repository: https://helm.releases.hashicorp.com
  version: 0.23.0
- name: nginx-ingress
  repository: https://helm.nginx.com/stable
  version: 0.16.2
digest: sha256:e41756108df73f1e89ae72c3b0edb35d25d4289b5c122ac0ae577df725064368
generated: "2023-04-08T21:14:15.806105+02:00"
