dependencies:
- name: pubsub
  repository: file://./dependencies/pubsub
  version: 0.1.0
- name: bq
  repository: file://./dependencies/bq
  version: 0.1.0
- name: redis-cluster
  repository: https://charts.bitnami.com/bitnami
  version: 11.4.2
- name: redis
  repository: https://charts.bitnami.com/bitnami
  version: 17.7.5
- name: mysql
  repository: oci://registry-1.docker.io/bitnamicharts
  version: 9.11.0
- name: vault
  repository: https://helm.releases.hashicorp.com
  version: 0.23.0
digest: sha256:68bb2cae403f64dda4cef755dd13ea5a78591b462f3bb0eab3d96bd92ac15f68
generated: "2025-02-21T14:28:10.342902+08:00"
