dependencies:
- name: redis
  repository: file://./dependencies/redis
  version: 1.1.0
- name: mysql
  repository: file://./dependencies/mysql
  version: 1.1.0
- name: postgresql
  repository: file://./dependencies/postgresql
  version: 0.1.0
- name: pubsub
  repository: file://./dependencies/pubsub
  version: 1.1.0
- name: bq
  repository: file://./dependencies/bq
  version: 1.1.0
- name: vault
  repository: https://helm.releases.hashicorp.com
  version: 0.23.0
digest: sha256:414f100711785705d6b36535390e7a95c38ef41d557693109154d50fe5655a97
generated: "2025-12-22T19:24:11.003491+09:00"
