dependencies:
- name: redis
  repository: file://./dependencies/redis
  version: 1.1.0
- name: mysql
  repository: file://./dependencies/mysql
  version: 1.1.0
- name: pubsub
  repository: file://./dependencies/pubsub
  version: 1.1.0
- name: bq
  repository: file://./dependencies/bq
  version: 1.1.0
- name: vault
  repository: https://helm.releases.hashicorp.com
  version: 0.23.0
digest: sha256:22631cd6e9d8638e1e40fb43e0e01aa47beb7e92aaed657fc98550f54f1e7d81
generated: "2025-12-17T11:19:54.471243345Z"
