dependencies:
- name: pubsub
  repository: file://./dependencies/pubsub
  version: 0.1.0
- name: bq
  repository: file://./dependencies/bq
  version: 0.1.0
- name: redis
  repository: https://charts.bitnami.com/bitnami
  version: 17.7.5
- name: mysql
  repository: https://charts.bitnami.com/bitnami
  version: 9.4.9
- name: vault
  repository: https://helm.releases.hashicorp.com
  version: 0.23.0
digest: sha256:27f0e4539d34ce915715eaf7641e7b5b39253064bebc4c8172e6bfba190b82dd
generated: "2023-02-22T22:35:02.422119+01:00"
